
Microsoft Visual Studio Solution File, Format Version 12.00
# Visual Studio 15
VisualStudioVersion = 15.0.28010.2036
MinimumVisualStudioVersion = 10.0.40219.1
Project("{FAE04EC0-301F-11D3-BF4B-00C04F79EFBC}") = "Project", "Project\Project.csproj", "{D5EF448B-5489-48C3-AA4C-51AC9051F19C}"
EndProject
Project("{FAE04EC0-301F-11D3-BF4B-00C04F79EFBC}") = "Project.Tests", "Project.Tests\Project.Tests.csproj", "{2B480EB3-E0A7-4FFB-8CDC-34A48C07155A}"
EndProject
Global
	GlobalSection(SolutionConfigurationPlatforms) = preSolution
		Debug|Any CPU = Debug|Any CPU
		Release|Any CPU = Release|Any CPU
	EndGlobalSection
	GlobalSection(ProjectConfigurationPlatforms) = postSolution
		{D5EF448B-5489-48C3-AA4C-51AC9051F19C}.Debug|Any CPU.ActiveCfg = Debug|Any CPU
		{D5EF448B-5489-48C3-AA4C-51AC9051F19C}.Debug|Any CPU.Build.0 = Debug|Any CPU
		{D5EF448B-5489-48C3-AA4C-51AC9051F19C}.Release|Any CPU.ActiveCfg = Release|Any CPU
		{D5EF448B-5489-48C3-AA4C-51AC9051F19C}.Release|Any CPU.Build.0 = Release|Any CPU
		{2B480EB3-E0A7-4FFB-8CDC-34A48C07155A}.Debug|Any CPU.ActiveCfg = Debug|Any CPU
		{2B480EB3-E0A7-4FFB-8CDC-34A48C07155A}.Debug|Any CPU.Build.0 = Debug|Any CPU
		{2B480EB3-E0A7-4FFB-8CDC-34A48C07155A}.Release|Any CPU.ActiveCfg = Release|Any CPU
		{2B480EB3-E0A7-4FFB-8CDC-34A48C07155A}.Release|Any CPU.Build.0 = Release|Any CPU
	EndGlobalSection
	GlobalSection(SolutionProperties) = preSolution
		HideSolutionNode = FALSE
	EndGlobalSection
	GlobalSection(ExtensibilityGlobals) = postSolution
		SolutionGuid = {46FB9DCB-2EB2-4B56-A71F-3B9AB6334284}
	EndGlobalSection
EndGlobal
